
Microsoft Visual Studio Solution File, Format Version 12.00
# Visual Studio Version 17
VisualStudioVersion = 17.12.35707.178
MinimumVisualStudioVersion = 10.0.40219.1
Project("{9A19103F-16F7-4668-BE54-9A1E7A4F7556}") = "SharedServices", "SharedServices\SharedServices.csproj", "{2BC9F2EF-5505-44E8-AC2C-8F27BAF7ED3F}"
EndProject
Project("{9A19103F-16F7-4668-BE54-9A1E7A4F7556}") = "UserServices", "UserServices\UserServices.csproj", "{8E9514A8-29E3-4FC4-871A-0FC64DA59D4B}"
EndProject
Project("{9A19103F-16F7-4668-BE54-9A1E7A4F7556}") = "AdminServices", "AdminServices\AdminServices.csproj", "{7739A2DB-EE89-4676-A9CA-2C2BC84EAEF3}"
EndProject
Project("{9A19103F-16F7-4668-BE54-9A1E7A4F7556}") = "PostServices", "PostServices\PostServices.csproj", "{64EBB2A6-D88E-4D03-8468-C5EBFDBB5FDB}"
EndProject
Project("{9A19103F-16F7-4668-BE54-9A1E7A4F7556}") = "StudentServices", "StudentServices\StudentServices.csproj", "{4ECF8EB9-D347-4607-82CE-85C62DC72BDE}"
EndProject
Project("{9A19103F-16F7-4668-BE54-9A1E7A4F7556}") = "PlacementServices", "PlacementServices\PlacementServices.csproj", "{912E351D-B3B6-452C-A491-7AD997549527}"
EndProject
Project("{9A19103F-16F7-4668-BE54-9A1E7A4F7556}") = "EventServices", "EventServices\EventServices.csproj", "{91F689F7-5DA7-41A9-B5F3-EBCE409E1FE9}"
EndProject
Project("{9A19103F-16F7-4668-BE54-9A1E7A4F7556}") = "ChatsServices", "ChatsServices\ChatsServices.csproj", "{41BADA6D-8864-437D-9ACF-3F63E9DA63C8}"
EndProject
Project("{9A19103F-16F7-4668-BE54-9A1E7A4F7556}") = "FacultyServices", "FacultyServices\FacultyServices.csproj", "{3F50406F-7950-4ABE-9946-7A21F2176CF4}"
EndProject
Project("{FAE04EC0-301F-11D3-BF4B-00C04F79EFBC}") = "ApiGateway", "ApiGateway\ApiGateway.csproj", "{0CB11293-2AB3-4D45-968F-A78E29C93C9E}"
EndProject
Global
	GlobalSection(SolutionConfigurationPlatforms) = preSolution
		Debug|Any CPU = Debug|Any CPU
		Release|Any CPU = Release|Any CPU
	EndGlobalSection
	GlobalSection(ProjectConfigurationPlatforms) = postSolution
		{2BC9F2EF-5505-44E8-AC2C-8F27BAF7ED3F}.Debug|Any CPU.ActiveCfg = Debug|Any CPU
		{2BC9F2EF-5505-44E8-AC2C-8F27BAF7ED3F}.Debug|Any CPU.Build.0 = Debug|Any CPU
		{2BC9F2EF-5505-44E8-AC2C-8F27BAF7ED3F}.Release|Any CPU.ActiveCfg = Release|Any CPU
		{2BC9F2EF-5505-44E8-AC2C-8F27BAF7ED3F}.Release|Any CPU.Build.0 = Release|Any CPU
		{8E9514A8-29E3-4FC4-871A-0FC64DA59D4B}.Debug|Any CPU.ActiveCfg = Debug|Any CPU
		{8E9514A8-29E3-4FC4-871A-0FC64DA59D4B}.Debug|Any CPU.Build.0 = Debug|Any CPU
		{8E9514A8-29E3-4FC4-871A-0FC64DA59D4B}.Release|Any CPU.ActiveCfg = Release|Any CPU
		{8E9514A8-29E3-4FC4-871A-0FC64DA59D4B}.Release|Any CPU.Build.0 = Release|Any CPU
		{7739A2DB-EE89-4676-A9CA-2C2BC84EAEF3}.Debug|Any CPU.ActiveCfg = Debug|Any CPU
		{7739A2DB-EE89-4676-A9CA-2C2BC84EAEF3}.Debug|Any CPU.Build.0 = Debug|Any CPU
		{7739A2DB-EE89-4676-A9CA-2C2BC84EAEF3}.Release|Any CPU.ActiveCfg = Release|Any CPU
		{7739A2DB-EE89-4676-A9CA-2C2BC84EAEF3}.Release|Any CPU.Build.0 = Release|Any CPU
		{64EBB2A6-D88E-4D03-8468-C5EBFDBB5FDB}.Debug|Any CPU.ActiveCfg = Debug|Any CPU
		{64EBB2A6-D88E-4D03-8468-C5EBFDBB5FDB}.Debug|Any CPU.Build.0 = Debug|Any CPU
		{64EBB2A6-D88E-4D03-8468-C5EBFDBB5FDB}.Release|Any CPU.ActiveCfg = Release|Any CPU
		{64EBB2A6-D88E-4D03-8468-C5EBFDBB5FDB}.Release|Any CPU.Build.0 = Release|Any CPU
		{4ECF8EB9-D347-4607-82CE-85C62DC72BDE}.Debug|Any CPU.ActiveCfg = Debug|Any CPU
		{4ECF8EB9-D347-4607-82CE-85C62DC72BDE}.Debug|Any CPU.Build.0 = Debug|Any CPU
		{4ECF8EB9-D347-4607-82CE-85C62DC72BDE}.Release|Any CPU.ActiveCfg = Release|Any CPU
		{4ECF8EB9-D347-4607-82CE-85C62DC72BDE}.Release|Any CPU.Build.0 = Release|Any CPU
		{912E351D-B3B6-452C-A491-7AD997549527}.Debug|Any CPU.ActiveCfg = Debug|Any CPU
		{912E351D-B3B6-452C-A491-7AD997549527}.Debug|Any CPU.Build.0 = Debug|Any CPU
		{912E351D-B3B6-452C-A491-7AD997549527}.Release|Any CPU.ActiveCfg = Release|Any CPU
		{912E351D-B3B6-452C-A491-7AD997549527}.Release|Any CPU.Build.0 = Release|Any CPU
		{91F689F7-5DA7-41A9-B5F3-EBCE409E1FE9}.Debug|Any CPU.ActiveCfg = Debug|Any CPU
		{91F689F7-5DA7-41A9-B5F3-EBCE409E1FE9}.Debug|Any CPU.Build.0 = Debug|Any CPU
		{91F689F7-5DA7-41A9-B5F3-EBCE409E1FE9}.Release|Any CPU.ActiveCfg = Release|Any CPU
		{91F689F7-5DA7-41A9-B5F3-EBCE409E1FE9}.Release|Any CPU.Build.0 = Release|Any CPU
		{41BADA6D-8864-437D-9ACF-3F63E9DA63C8}.Debug|Any CPU.ActiveCfg = Debug|Any CPU
		{41BADA6D-8864-437D-9ACF-3F63E9DA63C8}.Debug|Any CPU.Build.0 = Debug|Any CPU
		{41BADA6D-8864-437D-9ACF-3F63E9DA63C8}.Release|Any CPU.ActiveCfg = Release|Any CPU
		{41BADA6D-8864-437D-9ACF-3F63E9DA63C8}.Release|Any CPU.Build.0 = Release|Any CPU
		{3F50406F-7950-4ABE-9946-7A21F2176CF4}.Debug|Any CPU.ActiveCfg = Debug|Any CPU
		{3F50406F-7950-4ABE-9946-7A21F2176CF4}.Debug|Any CPU.Build.0 = Debug|Any CPU
		{3F50406F-7950-4ABE-9946-7A21F2176CF4}.Release|Any CPU.ActiveCfg = Release|Any CPU
		{3F50406F-7950-4ABE-9946-7A21F2176CF4}.Release|Any CPU.Build.0 = Release|Any CPU
		{0CB11293-2AB3-4D45-968F-A78E29C93C9E}.Debug|Any CPU.ActiveCfg = Debug|Any CPU
		{0CB11293-2AB3-4D45-968F-A78E29C93C9E}.Debug|Any CPU.Build.0 = Debug|Any CPU
		{0CB11293-2AB3-4D45-968F-A78E29C93C9E}.Release|Any CPU.ActiveCfg = Release|Any CPU
		{0CB11293-2AB3-4D45-968F-A78E29C93C9E}.Release|Any CPU.Build.0 = Release|Any CPU
	EndGlobalSection
	GlobalSection(SolutionProperties) = preSolution
		HideSolutionNode = FALSE
	EndGlobalSection
	GlobalSection(ExtensibilityGlobals) = postSolution
		SolutionGuid = {DC549CE1-1025-4E4B-9397-11A71D917DB9}
	EndGlobalSection
EndGlobal
